
Microsoft Visual Studio Solution File, Format Version 12.00
# Visual Studio 15
VisualStudioVersion = 15.0.25807.0
MinimumVisualStudioVersion = 10.0.40219.1
Project("{2150E333-8FDC-42A3-9474-1A3956D46DE8}") = "Engine", "Engine", "{4A7C95C8-D2E7-497D-AC8E-01BAB2664318}"
EndProject
Project("{2150E333-8FDC-42A3-9474-1A3956D46DE8}") = "Games", "Games", "{9A031D80-3B09-4237-8F20-7588D3DBC75B}"
EndProject
Project("{8BC9CEB8-8B4A-11D0-8D11-00A0C91BC942}") = "UE4", "Intermediate\ProjectFiles\UE4.vcxproj", "{36EE212D-E0F3-4ADD-A525-6F9F5367F5A5}"
EndProject
Project("{8BC9CEB8-8B4A-11D0-8D11-00A0C91BC942}") = "MazeShooter", "Intermediate\ProjectFiles\MazeShooter.vcxproj", "{E77050C4-0F94-4658-A763-6FCDEE1478BA}"
EndProject
Project("{2150E333-8FDC-42A3-9474-1A3956D46DE8}") = "Visualizers", "Visualizers", "{8C436ED8-45B0-4A72-8F4A-D82AB85791A3}"
	ProjectSection(SolutionItems) = preProject
		..\..\..\..\..\Program Files\Epic Games\UE_4.21\Engine\Extras\VisualStudioDebugging\UE4.natvis = ..\..\..\..\..\Program Files\Epic Games\UE_4.21\Engine\Extras\VisualStudioDebugging\UE4.natvis
	EndProjectSection
EndProject
Global
	GlobalSection(SolutionConfigurationPlatforms) = preSolution
		DebugGame Editor|HTML5 = DebugGame Editor|HTML5
		DebugGame Editor|Win32 = DebugGame Editor|Win32
		DebugGame Editor|Win64 = DebugGame Editor|Win64
		DebugGame|HTML5 = DebugGame|HTML5
		DebugGame|Win32 = DebugGame|Win32
		DebugGame|Win64 = DebugGame|Win64
		Development Editor|HTML5 = Development Editor|HTML5
		Development Editor|Win32 = Development Editor|Win32
		Development Editor|Win64 = Development Editor|Win64
		Development|HTML5 = Development|HTML5
		Development|Win32 = Development|Win32
		Development|Win64 = Development|Win64
		Shipping|HTML5 = Shipping|HTML5
		Shipping|Win32 = Shipping|Win32
		Shipping|Win64 = Shipping|Win64
	EndGlobalSection
	GlobalSection(ProjectConfigurationPlatforms) = postSolution
		{36EE212D-E0F3-4ADD-A525-6F9F5367F5A5}.DebugGame Editor|HTML5.ActiveCfg = BuiltWithUnrealBuildTool|Win32
		{36EE212D-E0F3-4ADD-A525-6F9F5367F5A5}.DebugGame Editor|Win32.ActiveCfg = BuiltWithUnrealBuildTool|Win32
		{36EE212D-E0F3-4ADD-A525-6F9F5367F5A5}.DebugGame Editor|Win64.ActiveCfg = BuiltWithUnrealBuildTool|Win32
		{36EE212D-E0F3-4ADD-A525-6F9F5367F5A5}.DebugGame|HTML5.ActiveCfg = BuiltWithUnrealBuildTool|Win32
		{36EE212D-E0F3-4ADD-A525-6F9F5367F5A5}.DebugGame|Win32.ActiveCfg = BuiltWithUnrealBuildTool|Win32
		{36EE212D-E0F3-4ADD-A525-6F9F5367F5A5}.DebugGame|Win64.ActiveCfg = BuiltWithUnrealBuildTool|Win32
		{36EE212D-E0F3-4ADD-A525-6F9F5367F5A5}.Development Editor|HTML5.ActiveCfg = BuiltWithUnrealBuildTool|Win32
		{36EE212D-E0F3-4ADD-A525-6F9F5367F5A5}.Development Editor|Win32.ActiveCfg = BuiltWithUnrealBuildTool|Win32
		{36EE212D-E0F3-4ADD-A525-6F9F5367F5A5}.Development Editor|Win64.ActiveCfg = BuiltWithUnrealBuildTool|Win32
		{36EE212D-E0F3-4ADD-A525-6F9F5367F5A5}.Development|HTML5.ActiveCfg = BuiltWithUnrealBuildTool|Win32
		{36EE212D-E0F3-4ADD-A525-6F9F5367F5A5}.Development|Win32.ActiveCfg = BuiltWithUnrealBuildTool|Win32
		{36EE212D-E0F3-4ADD-A525-6F9F5367F5A5}.Development|Win64.ActiveCfg = BuiltWithUnrealBuildTool|Win32
		{36EE212D-E0F3-4ADD-A525-6F9F5367F5A5}.Shipping|HTML5.ActiveCfg = BuiltWithUnrealBuildTool|Win32
		{36EE212D-E0F3-4ADD-A525-6F9F5367F5A5}.Shipping|Win32.ActiveCfg = BuiltWithUnrealBuildTool|Win32
		{36EE212D-E0F3-4ADD-A525-6F9F5367F5A5}.Shipping|Win64.ActiveCfg = BuiltWithUnrealBuildTool|Win32
		{E77050C4-0F94-4658-A763-6FCDEE1478BA}.DebugGame Editor|HTML5.ActiveCfg = Invalid|Win32
		{E77050C4-0F94-4658-A763-6FCDEE1478BA}.DebugGame Editor|Win32.ActiveCfg = Invalid|Win32
		{E77050C4-0F94-4658-A763-6FCDEE1478BA}.DebugGame Editor|Win64.ActiveCfg = DebugGame_Editor|x64
		{E77050C4-0F94-4658-A763-6FCDEE1478BA}.DebugGame Editor|Win64.Build.0 = DebugGame_Editor|x64
		{E77050C4-0F94-4658-A763-6FCDEE1478BA}.DebugGame|HTML5.ActiveCfg = HTML5_DebugGame|Win32
		{E77050C4-0F94-4658-A763-6FCDEE1478BA}.DebugGame|HTML5.Build.0 = HTML5_DebugGame|Win32
		{E77050C4-0F94-4658-A763-6FCDEE1478BA}.DebugGame|Win32.ActiveCfg = DebugGame|Win32
		{E77050C4-0F94-4658-A763-6FCDEE1478BA}.DebugGame|Win32.Build.0 = DebugGame|Win32
		{E77050C4-0F94-4658-A763-6FCDEE1478BA}.DebugGame|Win64.ActiveCfg = DebugGame|x64
		{E77050C4-0F94-4658-A763-6FCDEE1478BA}.DebugGame|Win64.Build.0 = DebugGame|x64
		{E77050C4-0F94-4658-A763-6FCDEE1478BA}.Development Editor|HTML5.ActiveCfg = Invalid|Win32
		{E77050C4-0F94-4658-A763-6FCDEE1478BA}.Development Editor|Win32.ActiveCfg = Invalid|Win32
		{E77050C4-0F94-4658-A763-6FCDEE1478BA}.Development Editor|Win64.ActiveCfg = Development_Editor|x64
		{E77050C4-0F94-4658-A763-6FCDEE1478BA}.Development Editor|Win64.Build.0 = Development_Editor|x64
		{E77050C4-0F94-4658-A763-6FCDEE1478BA}.Development|HTML5.ActiveCfg = HTML5_Development|Win32
		{E77050C4-0F94-4658-A763-6FCDEE1478BA}.Development|HTML5.Build.0 = HTML5_Development|Win32
		{E77050C4-0F94-4658-A763-6FCDEE1478BA}.Development|Win32.ActiveCfg = Development|Win32
		{E77050C4-0F94-4658-A763-6FCDEE1478BA}.Development|Win32.Build.0 = Development|Win32
		{E77050C4-0F94-4658-A763-6FCDEE1478BA}.Development|Win64.ActiveCfg = Development|x64
		{E77050C4-0F94-4658-A763-6FCDEE1478BA}.Development|Win64.Build.0 = Development|x64
		{E77050C4-0F94-4658-A763-6FCDEE1478BA}.Shipping|HTML5.ActiveCfg = HTML5_Shipping|Win32
		{E77050C4-0F94-4658-A763-6FCDEE1478BA}.Shipping|HTML5.Build.0 = HTML5_Shipping|Win32
		{E77050C4-0F94-4658-A763-6FCDEE1478BA}.Shipping|Win32.ActiveCfg = Shipping|Win32
		{E77050C4-0F94-4658-A763-6FCDEE1478BA}.Shipping|Win32.Build.0 = Shipping|Win32
		{E77050C4-0F94-4658-A763-6FCDEE1478BA}.Shipping|Win64.ActiveCfg = Shipping|x64
		{E77050C4-0F94-4658-A763-6FCDEE1478BA}.Shipping|Win64.Build.0 = Shipping|x64
	EndGlobalSection
	GlobalSection(SolutionProperties) = preSolution
		HideSolutionNode = FALSE
	EndGlobalSection
	GlobalSection(NestedProjects) = preSolution
		{36EE212D-E0F3-4ADD-A525-6F9F5367F5A5} = {4A7C95C8-D2E7-497D-AC8E-01BAB2664318}
		{E77050C4-0F94-4658-A763-6FCDEE1478BA} = {9A031D80-3B09-4237-8F20-7588D3DBC75B}
	EndGlobalSection
EndGlobal
